{
  "version": 4,
  "terraform_version": "1.11.3",
  "serial": 216,
  "lineage": "cd7a5feb-7a0b-6e90-d260-a8a64aa84828",
  "outputs": {},
  "resources": [
    {
      "mode": "managed",
      "type": "azurerm_resource_group",
      "name": "rg_pizzas",
      "provider": "provider[\"registry.terraform.io/hashicorp/azurerm\"]",
      "instances": [
        {
          "index_key": "bacon",
          "schema_version": 0,
          "attributes": {
            "id": "/subscriptions/d4681c5e-21a1-405d-a6b7-3c3a7b517e85/resourceGroups/bacon",
            "location": "eastus",
            "managed_by": "",
            "name": "bacon",
            "tags": {
              "environment": "Production"
            },
            "timeouts": null
          },
          "sensitive_attributes": [],
          "private": "eyJlMmJmYjczMC1lY2FhLTExZTYtOGY4OC0zNDM2M2JjN2M0YzAiOnsiY3JlYXRlIjo1NDAwMDAwMDAwMDAwLCJkZWxldGUiOjU0MDAwMDAwMDAwMDAsInJlYWQiOjMwMDAwMDAwMDAwMCwidXBkYXRlIjo1NDAwMDAwMDAwMDAwfX0="
        },
        {
          "index_key": "black_olives",
          "schema_version": 0,
          "attributes": {
            "id": "/subscriptions/d4681c5e-21a1-405d-a6b7-3c3a7b517e85/resourceGroups/black_olives",
            "location": "eastus",
            "managed_by": "",
            "name": "black_olives",
            "tags": {
              "environment": "Production"
            },
            "timeouts": null
          },
          "sensitive_attributes": [],
          "private": "eyJlMmJmYjczMC1lY2FhLTExZTYtOGY4OC0zNDM2M2JjN2M0YzAiOnsiY3JlYXRlIjo1NDAwMDAwMDAwMDAwLCJkZWxldGUiOjU0MDAwMDAwMDAwMDAsInJlYWQiOjMwMDAwMDAwMDAwMCwidXBkYXRlIjo1NDAwMDAwMDAwMDAwfX0="
        },
        {
          "index_key": "extra_cheese",
          "schema_version": 0,
          "attributes": {
            "id": "/subscriptions/d4681c5e-21a1-405d-a6b7-3c3a7b517e85/resourceGroups/extra_cheese",
            "location": "eastus",
            "managed_by": "",
            "name": "extra_cheese",
            "tags": {
              "environment": "Production"
            },
            "timeouts": null
          },
          "sensitive_attributes": [],
          "private": "eyJlMmJmYjczMC1lY2FhLTExZTYtOGY4OC0zNDM2M2JjN2M0YzAiOnsiY3JlYXRlIjo1NDAwMDAwMDAwMDAwLCJkZWxldGUiOjU0MDAwMDAwMDAwMDAsInJlYWQiOjMwMDAwMDAwMDAwMCwidXBkYXRlIjo1NDAwMDAwMDAwMDAwfX0="
        },
        {
          "index_key": "green_peppers",
          "schema_version": 0,
          "attributes": {
            "id": "/subscriptions/d4681c5e-21a1-405d-a6b7-3c3a7b517e85/resourceGroups/green_peppers",
            "location": "eastus",
            "managed_by": "",
            "name": "green_peppers",
            "tags": {
              "environment": "Development"
            },
            "timeouts": null
          },
          "sensitive_attributes": [],
          "private": "eyJlMmJmYjczMC1lY2FhLTExZTYtOGY4OC0zNDM2M2JjN2M0YzAiOnsiY3JlYXRlIjo1NDAwMDAwMDAwMDAwLCJkZWxldGUiOjU0MDAwMDAwMDAwMDAsInJlYWQiOjMwMDAwMDAwMDAwMCwidXBkYXRlIjo1NDAwMDAwMDAwMDAwfX0="
        },
        {
          "index_key": "mushroom",
          "schema_version": 0,
          "attributes": {
            "id": "/subscriptions/d4681c5e-21a1-405d-a6b7-3c3a7b517e85/resourceGroups/mushroom",
            "location": "eastus",
            "managed_by": "",
            "name": "mushroom",
            "tags": {
              "environment": "Development"
            },
            "timeouts": null
          },
          "sensitive_attributes": [],
          "private": "eyJlMmJmYjczMC1lY2FhLTExZTYtOGY4OC0zNDM2M2JjN2M0YzAiOnsiY3JlYXRlIjo1NDAwMDAwMDAwMDAwLCJkZWxldGUiOjU0MDAwMDAwMDAwMDAsInJlYWQiOjMwMDAwMDAwMDAwMCwidXBkYXRlIjo1NDAwMDAwMDAwMDAwfX0="
        },
        {
          "index_key": "onion",
          "schema_version": 0,
          "attributes": {
            "id": "/subscriptions/d4681c5e-21a1-405d-a6b7-3c3a7b517e85/resourceGroups/onion",
            "location": "eastus",
            "managed_by": "",
            "name": "onion",
            "tags": {
              "environment": "Development"
            },
            "timeouts": null
          },
          "sensitive_attributes": [],
          "private": "eyJlMmJmYjczMC1lY2FhLTExZTYtOGY4OC0zNDM2M2JjN2M0YzAiOnsiY3JlYXRlIjo1NDAwMDAwMDAwMDAwLCJkZWxldGUiOjU0MDAwMDAwMDAwMDAsInJlYWQiOjMwMDAwMDAwMDAwMCwidXBkYXRlIjo1NDAwMDAwMDAwMDAwfX0="
        },
        {
          "index_key": "pepperoni",
          "schema_version": 0,
          "attributes": {
            "id": "/subscriptions/d4681c5e-21a1-405d-a6b7-3c3a7b517e85/resourceGroups/pepperoni",
            "location": "eastus",
            "managed_by": "",
            "name": "pepperoni",
            "tags": {
              "environment": "Development"
            },
            "timeouts": null
          },
          "sensitive_attributes": [],
          "private": "eyJlMmJmYjczMC1lY2FhLTExZTYtOGY4OC0zNDM2M2JjN2M0YzAiOnsiY3JlYXRlIjo1NDAwMDAwMDAwMDAwLCJkZWxldGUiOjU0MDAwMDAwMDAwMDAsInJlYWQiOjMwMDAwMDAwMDAwMCwidXBkYXRlIjo1NDAwMDAwMDAwMDAwfX0="
        },
        {
          "index_key": "pineapple",
          "schema_version": 0,
          "attributes": {
            "id": "/subscriptions/d4681c5e-21a1-405d-a6b7-3c3a7b517e85/resourceGroups/pineapple",
            "location": "eastus",
            "managed_by": "",
            "name": "pineapple",
            "tags": {
              "environment": "Production"
            },
            "timeouts": null
          },
          "sensitive_attributes": [],
          "private": "eyJlMmJmYjczMC1lY2FhLTExZTYtOGY4OC0zNDM2M2JjN2M0YzAiOnsiY3JlYXRlIjo1NDAwMDAwMDAwMDAwLCJkZWxldGUiOjU0MDAwMDAwMDAwMDAsInJlYWQiOjMwMDAwMDAwMDAwMCwidXBkYXRlIjo1NDAwMDAwMDAwMDAwfX0="
        },
        {
          "index_key": "sausage",
          "schema_version": 0,
          "attributes": {
            "id": "/subscriptions/d4681c5e-21a1-405d-a6b7-3c3a7b517e85/resourceGroups/sausage",
            "location": "eastus",
            "managed_by": "",
            "name": "sausage",
            "tags": {
              "environment": "Production"
            },
            "timeouts": null
          },
          "sensitive_attributes": [],
          "private": "eyJlMmJmYjczMC1lY2FhLTExZTYtOGY4OC0zNDM2M2JjN2M0YzAiOnsiY3JlYXRlIjo1NDAwMDAwMDAwMDAwLCJkZWxldGUiOjU0MDAwMDAwMDAwMDAsInJlYWQiOjMwMDAwMDAwMDAwMCwidXBkYXRlIjo1NDAwMDAwMDAwMDAwfX0="
        },
        {
          "index_key": "spinach",
          "schema_version": 0,
          "attributes": {
            "id": "/subscriptions/d4681c5e-21a1-405d-a6b7-3c3a7b517e85/resourceGroups/spinach",
            "location": "eastus",
            "managed_by": "",
            "name": "spinach",
            "tags": {
              "environment": "Production"
            },
            "timeouts": null
          },
          "sensitive_attributes": [],
          "private": "eyJlMmJmYjczMC1lY2FhLTExZTYtOGY4OC0zNDM2M2JjN2M0YzAiOnsiY3JlYXRlIjo1NDAwMDAwMDAwMDAwLCJkZWxldGUiOjU0MDAwMDAwMDAwMDAsInJlYWQiOjMwMDAwMDAwMDAwMCwidXBkYXRlIjo1NDAwMDAwMDAwMDAwfX0="
        }
      ]
    }
  ],
  "check_results": null
}
